
Microsoft Visual Studio Solution File, Format Version 12.00
# Visual Studio Version 17
VisualStudioVersion = 17.14.36811.4 d17.14
MinimumVisualStudioVersion = 10.0.40219.1
Project("{FAE04EC0-301F-11D3-BF4B-00C04F79EFBC}") = "HospitalManagement", "HospitalManagement.csproj", "{325E5CFB-99BE-49CE-9E6F-30F2D9F09807}"
EndProject
Global
	GlobalSection(SolutionConfigurationPlatforms) = preSolution
		Debug|Any CPU = Debug|Any CPU
		Release|Any CPU = Release|Any CPU
	EndGlobalSection
	GlobalSection(ProjectConfigurationPlatforms) = postSolution
		{325E5CFB-99BE-49CE-9E6F-30F2D9F09807}.Debug|Any CPU.ActiveCfg = Debug|Any CPU
		{325E5CFB-99BE-49CE-9E6F-30F2D9F09807}.Debug|Any CPU.Build.0 = Debug|Any CPU
		{325E5CFB-99BE-49CE-9E6F-30F2D9F09807}.Release|Any CPU.ActiveCfg = Release|Any CPU
		{325E5CFB-99BE-49CE-9E6F-30F2D9F09807}.Release|Any CPU.Build.0 = Release|Any CPU
	EndGlobalSection
	GlobalSection(SolutionProperties) = preSolution
		HideSolutionNode = FALSE
	EndGlobalSection
	GlobalSection(ExtensibilityGlobals) = postSolution
		SolutionGuid = {17AB7441-164A-4737-BB63-C5B7657ED2C1}
	EndGlobalSection
EndGlobal
